// !$*UTF8*$!
{
	archiveVersion = 1;
	classes = {
	};
	objectVersion = 46;
	objects = {

/* Begin PBXBuildFile section */
		9C47312A785CECD6B941F4F1 /* Pods_RealmSample.framework in Frameworks */ = {isa = PBXBuildFile; fileRef = 302E5B688A2D02DF5AA2BF83 /* Pods_RealmSample.framework */; };
		B070EA3A1DD5C039000197F8 /* AppDelegate.swift in Sources */ = {isa = PBXBuildFile; fileRef = B070EA391DD5C039000197F8 /* AppDelegate.swift */; };
		B070EA3C1DD5C039000197F8 /* ViewController.swift in Sources */ = {isa = PBXBuildFile; fileRef = B070EA3B1DD5C039000197F8 /* ViewController.swift */; };
		B070EA3F1DD5C039000197F8 /* Main.storyboard in Resources */ = {isa = PBXBuildFile; fileRef = B070EA3D1DD5C039000197F8 /* Main.storyboard */; };
		B070EA411DD5C039000197F8 /* Assets.xcassets in Resources */ = {isa = PBXBuildFile; fileRef = B070EA401DD5C039000197F8 /* Assets.xcassets */; };
		B070EA441DD5C039000197F8 /* LaunchScreen.storyboard in Resources */ = {isa = PBXBuildFile; fileRef = B070EA421DD5C039000197F8 /* LaunchScreen.storyboard */; };
		B070EA4D1DD5D657000197F8 /* ModifyTableViewCell.swift in Sources */ = {isa = PBXBuildFile; fileRef = B070EA4B1DD5D657000197F8 /* ModifyTableViewCell.swift */; };
		B070EA4E1DD5D657000197F8 /* ModifyTableViewCell.xib in Resources */ = {isa = PBXBuildFile; fileRef = B070EA4C1DD5D657000197F8 /* ModifyTableViewCell.xib */; };
/* End PBXBuildFile section */

/* Begin PBXFileReference section */
		0E77562D939517EFF220C5A0 /* Pods-RealmSample.debug.xcconfig */ = {isa = PBXFileReference; includeInIndex = 1; lastKnownFileType = text.xcconfig; name = "Pods-RealmSample.debug.xcconfig"; path = "Pods/Target Support Files/Pods-RealmSample/Pods-RealmSample.debug.xcconfig"; sourceTree = "<group>"; };
		302E5B688A2D02DF5AA2BF83 /* Pods_RealmSample.framework */ = {isa = PBXFileReference; explicitFileType = wrapper.framework; includeInIndex = 0; path = Pods_RealmSample.framework; sourceTree = BUILT_PRODUCTS_DIR; };
		B070EA361DD5C039000197F8 /* RealmSample.app */ = {isa = PBXFileReference; explicitFileType = wrapper.application; includeInIndex = 0; path = RealmSample.app; sourceTree = BUILT_PRODUCTS_DIR; };
		B070EA391DD5C039000197F8 /* AppDelegate.swift */ = {isa = PBXFileReference; lastKnownFileType = sourcecode.swift; path = AppDelegate.swift; sourceTree = "<group>"; };
		B070EA3B1DD5C039000197F8 /* ViewController.swift */ = {isa = PBXFileReference; lastKnownFileType = sourcecode.swift; path = ViewController.swift; sourceTree = "<group>"; };
		B070EA3E1DD5C039000197F8 /* Base */ = {isa = PBXFileReference; lastKnownFileType = file.storyboard; name = Base; path = Base.lproj/Main.storyboard; sourceTree = "<group>"; };
		B070EA401DD5C039000197F8 /* Assets.xcassets */ = {isa = PBXFileReference; lastKnownFileType = folder.assetcatalog; path = Assets.xcassets; sourceTree = "<group>"; };
		B070EA431DD5C039000197F8 /* Base */ = {isa = PBXFileReference; lastKnownFileType = file.storyboard; name = Base; path = Base.lproj/LaunchScreen.storyboard; sourceTree = "<group>"; };
		B070EA451DD5C039000197F8 /* Info.plist */ = {isa = PBXFileReference; lastKnownFileType = text.plist.xml; path = Info.plist; sourceTree = "<group>"; };
		B070EA4B1DD5D657000197F8 /* ModifyTableViewCell.swift */ = {isa = PBXFileReference; fileEncoding = 4; lastKnownFileType = sourcecode.swift; path = ModifyTableViewCell.swift; sourceTree = "<group>"; };
		B070EA4C1DD5D657000197F8 /* ModifyTableViewCell.xib */ = {isa = PBXFileReference; fileEncoding = 4; lastKnownFileType = file.xib; path = ModifyTableViewCell.xib; sourceTree = "<group>"; };
		C76C281C78C765B24C2AC97A /* Pods-RealmSample.release.xcconfig */ = {isa = PBXFileReference; includeInIndex = 1; lastKnownFileType = text.xcconfig; name = "Pods-RealmSample.release.xcconfig"; path = "Pods/Target Support Files/Pods-RealmSample/Pods-RealmSample.release.xcconfig"; sourceTree = "<group>"; };
/* End PBXFileReference section */

/* Begin PBXFrameworksBuildPhase section */
		B070EA331DD5C039000197F8 /* Frameworks */ = {
			isa = PBXFrameworksBuildPhase;
			buildActionMask = 2147483647;
			files = (
				9C47312A785CECD6B941F4F1 /* Pods_RealmSample.framework in Frameworks */,
			);
			runOnlyForDeploymentPostprocessing = 0;
		};
/* End PBXFrameworksBuildPhase section */

/* Begin PBXGroup section */
		4AAB17E8E774532AF6249734 /* Pods */ = {
			isa = PBXGroup;
			children = (
				0E77562D939517EFF220C5A0 /* Pods-RealmSample.debug.xcconfig */,
				C76C281C78C765B24C2AC97A /* Pods-RealmSample.release.xcconfig */,
			);
			name = Pods;
			sourceTree = "<group>";
		};
		B070EA2D1DD5C039000197F8 = {
			isa = PBXGroup;
			children = (
				B070EA381DD5C039000197F8 /* RealmSample */,
				B070EA371DD5C039000197F8 /* Products */,
				4AAB17E8E774532AF6249734 /* Pods */,
				CD1E01C86D16D7842B98400F /* Frameworks */,
			);
			sourceTree = "<group>";
		};
		B070EA371DD5C039000197F8 /* Products */ = {
			isa = PBXGroup;
			children = (
				B070EA361DD5C039000197F8 /* RealmSample.app */,
			);
			name = Products;
			sourceTree = "<group>";
		};
		B070EA381DD5C039000197F8 /* RealmSample */ = {
			isa = PBXGroup;
			children = (
				B070EA391DD5C039000197F8 /* AppDelegate.swift */,
				B070EA3B1DD5C039000197F8 /* ViewController.swift */,
				B070EA3D1DD5C039000197F8 /* Main.storyboard */,
				B070EA401DD5C039000197F8 /* Assets.xcassets */,
				B070EA421DD5C039000197F8 /* LaunchScreen.storyboard */,
				B070EA451DD5C039000197F8 /* Info.plist */,
				B070EA4B1DD5D657000197F8 /* ModifyTableViewCell.swift */,
				B070EA4C1DD5D657000197F8 /* ModifyTableViewCell.xib */,
			);
			path = RealmSample;
			sourceTree = "<group>";
		};
		CD1E01C86D16D7842B98400F /* Frameworks */ = {
			isa = PBXGroup;
			children = (
				302E5B688A2D02DF5AA2BF83 /* Pods_RealmSample.framework */,
			);
			name = Frameworks;
			sourceTree = "<group>";
		};
/* End PBXGroup section */

/* Begin PBXNativeTarget section */
		B070EA351DD5C039000197F8 /* RealmSample */ = {
			isa = PBXNativeTarget;
			buildConfigurationList = B070EA481DD5C039000197F8 /* Build configuration list for PBXNativeTarget "RealmSample" */;
			buildPhases = (
				833AE93DCE6F886043F15808 /* [CP] Check Pods Manifest.lock */,
				B070EA321DD5C039000197F8 /* Sources */,
				B070EA331DD5C039000197F8 /* Frameworks */,
				B070EA341DD5C039000197F8 /* Resources */,
				5ABC5189BC247BB3A0533991 /* [CP] Embed Pods Frameworks */,
				338C126534ECB2965C786531 /* [CP] Copy Pods Resources */,
			);
			buildRules = (
			);
			dependencies = (
			);
			name = RealmSample;
			productName = RealmSample;
			productReference = B070EA361DD5C039000197F8 /* RealmSample.app */;
			productType = "com.apple.product-type.application";
		};
/* End PBXNativeTarget section */

/* Begin PBXProject section */
		B070EA2E1DD5C039000197F8 /* Project object */ = {
			isa = PBXProject;
			attributes = {
				LastSwiftUpdateCheck = 0800;
				LastUpgradeCheck = 0800;
				ORGANIZATIONNAME = usc;
				TargetAttributes = {
					B070EA351DD5C039000197F8 = {
						CreatedOnToolsVersion = 8.0;
						ProvisioningStyle = Automatic;
					};
				};
			};
			buildConfigurationList = B070EA311DD5C039000197F8 /* Build configuration list for PBXProject "RealmSample" */;
			compatibilityVersion = "Xcode 3.2";
			developmentRegion = English;
			hasScannedForEncodings = 0;
			knownRegions = (
				en,
				Base,
			);
			mainGroup = B070EA2D1DD5C039000197F8;
			productRefGroup = B070EA371DD5C039000197F8 /* Products */;
			projectDirPath = "";
			projectRoot = "";
			targets = (
				B070EA351DD5C039000197F8 /* RealmSample */,
			);
		};
/* End PBXProject section */

/* Begin PBXResourcesBuildPhase section */
		B070EA341DD5C039000197F8 /* Resources */ = {
			isa = PBXResourcesBuildPhase;
			buildActionMask = 2147483647;
			files = (
				B070EA441DD5C039000197F8 /* LaunchScreen.storyboard in Resources */,
				B070EA411DD5C039000197F8 /* Assets.xcassets in Resources */,
				B070EA3F1DD5C039000197F8 /* Main.storyboard in Resources */,
				B070EA4E1DD5D657000197F8 /* ModifyTableViewCell.xib in Resources */,
			);
			runOnlyForDeploymentPostprocessing = 0;
		};
/* End PBXResourcesBuildPhase section */

/* Begin PBXShellScriptBuildPhase section */
		338C126534ECB2965C786531 /* [CP] Copy Pods Resources */ = {
			isa = PBXShellScriptBuildPhase;
			buildActionMask = 2147483647;
			files = (
			);
			inputPaths = (
			);
			name = "[CP] Copy Pods Resources";
			outputPaths = (
			);
			runOnlyForDeploymentPostprocessing = 0;
			shellPath = /bin/sh;
			shellScript = "\"${SRCROOT}/Pods/Target Support Files/Pods-RealmSample/Pods-RealmSample-resources.sh\"\n";
			showEnvVarsInLog = 0;
		};
		5ABC5189BC247BB3A0533991 /* [CP] Embed Pods Frameworks */ = {
			isa = PBXShellScriptBuildPhase;
			buildActionMask = 2147483647;
			files = (
			);
			inputPaths = (
			);
			name = "[CP] Embed Pods Frameworks";
			outputPaths = (
			);
			runOnlyForDeploymentPostprocessing = 0;
			shellPath = /bin/sh;
			shellScript = "\"${SRCROOT}/Pods/Target Support Files/Pods-RealmSample/Pods-RealmSample-frameworks.sh\"\n";
			showEnvVarsInLog = 0;
		};
		833AE93DCE6F886043F15808 /* [CP] Check Pods Manifest.lock */ = {
			isa = PBXShellScriptBuildPhase;
			buildActionMask = 2147483647;
			files = (
			);
			inputPaths = (
			);
			name = "[CP] Check Pods Manifest.lock";
			outputPaths = (
			);
			runOnlyForDeploymentPostprocessing = 0;
			shellPath = /bin/sh;
			shellScript = "diff \"${PODS_ROOT}/../Podfile.lock\" \"${PODS_ROOT}/Manifest.lock\" > /dev/null\nif [ $? != 0 ] ; then\n    # print error to STDERR\n    echo \"error: The sandbox is not in sync with the Podfile.lock. Run 'pod install' or update your CocoaPods installation.\" >&2\n    exit 1\nfi\n";
			showEnvVarsInLog = 0;
		};
/* End PBXShellScriptBuildPhase section */

/* Begin PBXSourcesBuildPhase section */
		B070EA321DD5C039000197F8 /* Sources */ = {
			isa = PBXSourcesBuildPhase;
			buildActionMask = 2147483647;
			files = (
				B070EA3C1DD5C039000197F8 /* ViewController.swift in Sources */,
				B070EA3A1DD5C039000197F8 /* AppDelegate.swift in Sources */,
				B070EA4D1DD5D657000197F8 /* ModifyTableViewCell.swift in Sources */,
			);
			runOnlyForDeploymentPostprocessing = 0;
		};
/* End PBXSourcesBuildPhase section */

/* Begin PBXVariantGroup section */
		B070EA3D1DD5C039000197F8 /* Main.storyboard */ = {
			isa = PBXVariantGroup;
			children = (
				B070EA3E1DD5C039000197F8 /* Base */,
			);
			name = Main.storyboard;
			sourceTree = "<group>";
		};
		B070EA421DD5C039000197F8 /* LaunchScreen.storyboard */ = {
			isa = PBXVariantGroup;
			children = (
				B070EA431DD5C039000197F8 /* Base */,
			);
			name = LaunchScreen.storyboard;
			sourceTree = "<group>";
		};
/* End PBXVariantGroup section */

/* Begin XCBuildConfiguration section */
		B070EA461DD5C039000197F8 /* Debug */ = {
			isa = XCBuildConfiguration;
			buildSettings = {
				ALWAYS_SEARCH_USER_PATHS = NO;
				CLANG_ANALYZER_NONNULL = YES;
				CLANG_CXX_LANGUAGE_STANDARD = "gnu++0x";
				CLANG_CXX_LIBRARY = "libc++";
				CLANG_ENABLE_MODULES = YES;
				CLANG_ENABLE_OBJC_ARC = YES;
				CLANG_WARN_BOOL_CONVERSION = YES;
				CLANG_WARN_CONSTANT_CONVERSION = YES;
				CLANG_WARN_DIRECT_OBJC_ISA_USAGE = YES_ERROR;
				CLANG_WARN_DOCUMENTATION_COMMENTS = YES;
				CLANG_WARN_EMPTY_BODY = YES;
				CLANG_WARN_ENUM_CONVERSION = YES;
				CLANG_WARN_INFINITE_RECURSION = YES;
				CLANG_WARN_INT_CONVERSION = YES;
				CLANG_WARN_OBJC_ROOT_CLASS = YES_ERROR;
				CLANG_WARN_SUSPICIOUS_MOVES = YES;
				CLANG_WARN_UNREACHABLE_CODE = YES;
				CLANG_WARN__DUPLICATE_METHOD_MATCH = YES;
				"CODE_SIGN_IDENTITY[sdk=iphoneos*]" = "iPhone Developer";
				COPY_PHASE_STRIP = NO;
				DEBUG_INFORMATION_FORMAT = dwarf;
				ENABLE_STRICT_OBJC_MSGSEND = YES;
				ENABLE_TESTABILITY = YES;
				GCC_C_LANGUAGE_STANDARD = gnu99;
				GCC_DYNAMIC_NO_PIC = NO;
				GCC_NO_COMMON_BLOCKS = YES;
				GCC_OPTIMIZATION_LEVEL = 0;
				GCC_PREPROCESSOR_DEFINITIONS = (
					"DEBUG=1",
					"$(inherited)",
				);
				GCC_WARN_64_TO_32_BIT_CONVERSION = YES;
				GCC_WARN_ABOUT_RETURN_TYPE = YES_ERROR;
				GCC_WARN_UNDECLARED_SELECTOR = YES;
				GCC_WARN_UNINITIALIZED_AUTOS = YES_AGGRESSIVE;
				GCC_WARN_UNUSED_FUNCTION = YES;
				GCC_WARN_UNUSED_VARIABLE = YES;
				IPHONEOS_DEPLOYMENT_TARGET = 10.0;
				MTL_ENABLE_DEBUG_INFO = YES;
				ONLY_ACTIVE_ARCH = YES;
				SDKROOT = iphoneos;
				SWIFT_ACTIVE_COMPILATION_CONDITIONS = DEBUG;
				SWIFT_OPTIMIZATION_LEVEL = "-Onone";
			};
			name = Debug;
		};
		B070EA471DD5C039000197F8 /* Release */ = {
			isa = XCBuildConfiguration;
			buildSettings = {
				ALWAYS_SEARCH_USER_PATHS = NO;
				CLANG_ANALYZER_NONNULL = YES;
				CLANG_CXX_LANGUAGE_STANDARD = "gnu++0x";
				CLANG_CXX_LIBRARY = "libc++";
				CLANG_ENABLE_MODULES = YES;
				CLANG_ENABLE_OBJC_ARC = YES;
				CLANG_WARN_BOOL_CONVERSION = YES;
				CLANG_WARN_CONSTANT_CONVERSION = YES;
				CLANG_WARN_DIRECT_OBJC_ISA_USAGE = YES_ERROR;
				CLANG_WARN_DOCUMENTATION_COMMENTS = YES;
				CLANG_WARN_EMPTY_BODY = YES;
				CLANG_WARN_ENUM_CONVERSION = YES;
				CLANG_WARN_INFINITE_RECURSION = YES;
				CLANG_WARN_INT_CONVERSION = YES;
				CLANG_WARN_OBJC_ROOT_CLASS = YES_ERROR;
				CLANG_WARN_SUSPICIOUS_MOVES = YES;
				CLANG_WARN_UNREACHABLE_CODE = YES;
				CLANG_WARN__DUPLICATE_METHOD_MATCH = YES;
				"CODE_SIGN_IDENTITY[sdk=iphoneos*]" = "iPhone Developer";
				COPY_PHASE_STRIP = NO;
				DEBUG_INFORMATION_FORMAT = "dwarf-with-dsym";
				ENABLE_NS_ASSERTIONS = NO;
				ENABLE_STRICT_OBJC_MSGSEND = YES;
				GCC_C_LANGUAGE_STANDARD = gnu99;
				GCC_NO_COMMON_BLOCKS = YES;
				GCC_WARN_64_TO_32_BIT_CONVERSION = YES;
				GCC_WARN_ABOUT_RETURN_TYPE = YES_ERROR;
				GCC_WARN_UNDECLARED_SELECTOR = YES;
				GCC_WARN_UNINITIALIZED_AUTOS = YES_AGGRESSIVE;
				GCC_WARN_UNUSED_FUNCTION = YES;
				GCC_WARN_UNUSED_VARIABLE = YES;
				IPHONEOS_DEPLOYMENT_TARGET = 10.0;
				MTL_ENABLE_DEBUG_INFO = NO;
				SDKROOT = iphoneos;
				SWIFT_OPTIMIZATION_LEVEL = "-Owholemodule";
				VALIDATE_PRODUCT = YES;
			};
			name = Release;
		};
		B070EA491DD5C039000197F8 /* Debug */ = {
			isa = XCBuildConfiguration;
			baseConfigurationReference = 0E77562D939517EFF220C5A0 /* Pods-RealmSample.debug.xcconfig */;
			buildSettings = {
				ASSETCATALOG_COMPILER_APPICON_NAME = AppIcon;
				INFOPLIST_FILE = RealmSample/Info.plist;
				IPHONEOS_DEPLOYMENT_TARGET = 9.0;
				LD_RUNPATH_SEARCH_PATHS = "$(inherited) @executable_path/Frameworks";
				PRODUCT_BUNDLE_IDENTIFIER = usc.RealmSample;
				PRODUCT_NAME = "$(TARGET_NAME)";
				SWIFT_VERSION = 3.0;
			};
			name = Debug;
		};
		B070EA4A1DD5C039000197F8 /* Release */ = {
			isa = XCBuildConfiguration;
			baseConfigurationReference = C76C281C78C765B24C2AC97A /* Pods-RealmSample.release.xcconfig */;
			buildSettings = {
				ASSETCATALOG_COMPILER_APPICON_NAME = AppIcon;
				INFOPLIST_FILE = RealmSample/Info.plist;
				IPHONEOS_DEPLOYMENT_TARGET = 9.0;
				LD_RUNPATH_SEARCH_PATHS = "$(inherited) @executable_path/Frameworks";
				PRODUCT_BUNDLE_IDENTIFIER = usc.RealmSample;
				PRODUCT_NAME = "$(TARGET_NAME)";
				SWIFT_VERSION = 3.0;
			};
			name = Release;
		};
/* End XCBuildConfiguration section */

/* Begin XCConfigurationList section */
		B070EA311DD5C039000197F8 /* Build configuration list for PBXProject "RealmSample" */ = {
			isa = XCConfigurationList;
			buildConfigurations = (
				B070EA461DD5C039000197F8 /* Debug */,
				B070EA471DD5C039000197F8 /* Release */,
			);
			defaultConfigurationIsVisible = 0;
			defaultConfigurationName = Release;
		};
		B070EA481DD5C039000197F8 /* Build configuration list for PBXNativeTarget "RealmSample" */ = {
			isa = XCConfigurationList;
			buildConfigurations = (
				B070EA491DD5C039000197F8 /* Debug */,
				B070EA4A1DD5C039000197F8 /* Release */,
			);
			defaultConfigurationIsVisible = 0;
			defaultConfigurationName = Release;
		};
/* End XCConfigurationList section */
	};
	rootObject = B070EA2E1DD5C039000197F8 /* Project object */;
}
